
Microsoft Visual Studio Solution File, Format Version 12.00
# Visual Studio Version 17
VisualStudioVersion = 17.7.34221.43
MinimumVisualStudioVersion = 10.0.40219.1
Project("{FAE04EC0-301F-11D3-BF4B-00C04F79EFBC}") = "RegEx-Morfolojik-Analiz-App", "RegEx-Morfolojik-Analiz-App.csproj", "{1DD74646-B840-4F9B-AB10-4AE519E456DE}"
EndProject
Global
	GlobalSection(SolutionConfigurationPlatforms) = preSolution
		Debug|Any CPU = Debug|Any CPU
		Release|Any CPU = Release|Any CPU
	EndGlobalSection
	GlobalSection(ProjectConfigurationPlatforms) = postSolution
		{1DD74646-B840-4F9B-AB10-4AE519E456DE}.Debug|Any CPU.ActiveCfg = Debug|Any CPU
		{1DD74646-B840-4F9B-AB10-4AE519E456DE}.Debug|Any CPU.Build.0 = Debug|Any CPU
		{1DD74646-B840-4F9B-AB10-4AE519E456DE}.Release|Any CPU.ActiveCfg = Release|Any CPU
		{1DD74646-B840-4F9B-AB10-4AE519E456DE}.Release|Any CPU.Build.0 = Release|Any CPU
	EndGlobalSection
	GlobalSection(SolutionProperties) = preSolution
		HideSolutionNode = FALSE
	EndGlobalSection
	GlobalSection(ExtensibilityGlobals) = postSolution
		SolutionGuid = {7C9CEC73-BCDA-488A-95AB-930C2B29D007}
	EndGlobalSection
EndGlobal
